{
    "_readme": [
        "This file locks the dependencies of your project to a known state",
        "Read more about it at https://getcomposer.org/doc/01-basic-usage.md#installing-dependencies",
        "This file is @generated automatically"
    ],
    "content-hash": "f033a50e76e50776805699329f46e781",
    "packages": [
        {
            "name": "jcupitt/vips",
            "version": "v1.0.2",
            "source": {
                "type": "git",
                "url": "https://github.com/jcupitt/php-vips.git",
                "reference": "456cbad0b428a7cef52fcf23eec804a975923ab3"
            },
            "dist": {
                "type": "zip",
                "url": "https://api.github.com/repos/jcupitt/php-vips/zipball/456cbad0b428a7cef52fcf23eec804a975923ab3",
                "reference": "456cbad0b428a7cef52fcf23eec804a975923ab3",
                "shasum": ""
            },
            "require": {
                "ext-vips": ">=0.1.2",
                "php": ">=7.0.11",
                "psr/log": "^1.0.1"
            },
            "require-dev": {
                "jakub-onderka/php-parallel-lint": "^0.9.2",
                "phpdocumentor/phpdocumentor": "^2.9",
                "phpunit/phpunit": "^6.0"
            },
            "type": "library",
            "extra": {
                "branch-alias": {
                    "dev-master": "1.0.x-dev"
                }
            },
            "autoload": {
                "psr-4": {
                    "Jcupitt\\Vips\\": "src"
                }
            },
            "notification-url": "https://packagist.org/downloads/",
            "license": [
                "MIT"
            ],
            "authors": [
                {
                    "name": "John Cupitt",
                    "email": "jcupitt@gmail.com",
                    "homepage": "https://github.com/jcupitt",
                    "role": "Developer"
                }
            ],
            "description": "A high-level interface to the libvips image processing library.",
            "homepage": "https://github.com/jcupitt/php-vips",
            "keywords": [
                "image",
                "libvips",
                "processing"
            ],
            "time": "2017-04-30T15:40:43+00:00"
        },
        {
            "name": "psr/log",
            "version": "1.0.2",
            "source": {
                "type": "git",
                "url": "https://github.com/php-fig/log.git",
                "reference": "4ebe3a8bf773a19edfe0a84b6585ba3d401b724d"
            },
            "dist": {
                "type": "zip",
                "url": "https://api.github.com/repos/php-fig/log/zipball/4ebe3a8bf773a19edfe0a84b6585ba3d401b724d",
                "reference": "4ebe3a8bf773a19edfe0a84b6585ba3d401b724d",
                "shasum": ""
            },
            "require": {
                "php": ">=5.3.0"
            },
            "type": "library",
            "extra": {
                "branch-alias": {
                    "dev-master": "1.0.x-dev"
                }
            },
            "autoload": {
                "psr-4": {
                    "Psr\\Log\\": "Psr/Log/"
                }
            },
            "notification-url": "https://packagist.org/downloads/",
            "license": [
                "MIT"
            ],
            "authors": [
                {
                    "name": "PHP-FIG",
                    "homepage": "http://www.php-fig.org/"
                }
            ],
            "description": "Common interface for logging libraries",
            "homepage": "https://github.com/php-fig/log",
            "keywords": [
                "log",
                "psr",
                "psr-3"
            ],
            "time": "2016-10-10T12:19:37+00:00"
        }
    ],
    "packages-dev": [],
    "aliases": [],
    "minimum-stability": "stable",
    "stability-flags": [],
    "prefer-stable": false,
    "prefer-lowest": false,
    "platform": [],
    "platform-dev": []
}
